# THIS IS AN AUTOGENERATED FILE. DO NOT EDIT THIS FILE DIRECTLY.
# yarn lockfile v1


"@babel/parser@^7.24.7":
  version "7.24.8"
  resolved "https://registry.npmjs.org/@babel/parser/-/parser-7.24.8.tgz"
  integrity sha512-WzfbgXOkGzZiXXCqk43kKwZjzwx4oulxZi3nq2TYL9mOjQv6kYwul9mz6ID36njuL7Xkp6nJEfok848Zj10j/w==

"@ctrl/tinycolor@^3.4.1":
  version "3.6.1"
  resolved "https://registry.npmjs.org/@ctrl/tinycolor/-/tinycolor-3.6.1.tgz"
  integrity sha512-SITSV6aIXsuVNV3f3O0f2n/cgyEDWoSqtZMYiAmcsYHydcKrOz3gUxB/iXd/Qf08+IZX4KpgNbvUdMBmWz+kcA==

"@element-plus/icons-vue@^2.3.1":
  version "2.3.1"
  resolved "https://registry.yarnpkg.com/@element-plus/icons-vue/-/icons-vue-2.3.1.tgz#1f635ad5fdd5c85ed936481525570e82b5a8307a"
  integrity sha512-XxVUZv48RZAd87ucGS48jPf6pKu0yV5UCg9f4FFwtrYxXOwWuVJo6wOvSLKEoMQKjv8GsX/mhP6UsC1lRwbUWg==

"@emnapi/core@^1.7.1":
  version "1.8.1"
  resolved "https://registry.yarnpkg.com/@emnapi/core/-/core-1.8.1.tgz#fd9efe721a616288345ffee17a1f26ac5dd01349"
  integrity sha512-AvT9QFpxK0Zd8J0jopedNm+w/2fIzvtPKPjqyw9jwvBaReTTqPBk9Hixaz7KbjimP+QNz605/XnjFcDAL2pqBg==
  dependencies:
    "@emnapi/wasi-threads" "1.1.0"
    tslib "^2.4.0"

"@emnapi/runtime@^1.7.1":
  version "1.8.1"
  resolved "https://registry.yarnpkg.com/@emnapi/runtime/-/runtime-1.8.1.tgz#550fa7e3c0d49c5fb175a116e8cd70614f9a22a5"
  integrity sha512-mehfKSMWjjNol8659Z8KxEMrdSJDDot5SXMq00dM8BN4o+CLNXQ0xH2V7EchNHV4RmbZLmmPdEaXZc5H2FXmDg==
  dependencies:
    tslib "^2.4.0"

"@emnapi/wasi-threads@1.1.0", "@emnapi/wasi-threads@^1.1.0":
  version "1.1.0"
  resolved "https://registry.yarnpkg.com/@emnapi/wasi-threads/-/wasi-threads-1.1.0.tgz#60b2102fddc9ccb78607e4a3cf8403ea69be41bf"
  integrity sha512-WI0DdZ8xFSbgMjR1sFsKABJ/C5OnRrjT06JXbZKexJGrDuPTzZdDYfFlsgcCXCyf+suG5QU2e/y1Wo2V/OapLQ==
  dependencies:
    tslib "^2.4.0"

"@esbuild/aix-ppc64@0.21.5":
  version "0.21.5"
  resolved "https://registry.yarnpkg.com/@esbuild/aix-ppc64/-/aix-ppc64-0.21.5.tgz#c7184a326533fcdf1b8ee0733e21c713b975575f"
  integrity sha512-1SDgH6ZSPTlggy1yI6+Dbkiz8xzpHJEVAlF/AM1tHPLsf5STom9rwtjE4hKAF20FfXXNTFqEYXyJNWh1GiZedQ==

"@esbuild/android-arm64@0.21.5":
  version "0.21.5"
  resolved "https://registry.yarnpkg.com/@esbuild/android-arm64/-/android-arm64-0.21.5.tgz#09d9b4357780da9ea3a7dfb833a1f1ff439b4052"
  integrity sha512-c0uX9VAUBQ7dTDCjq+wdyGLowMdtR/GoC2U5IYk/7D1H1JYC0qseD7+11iMP2mRLN9RcCMRcjC4YMclCzGwS/A==

"@esbuild/android-arm@0.21.5":
  version "0.21.5"
  resolved "https://registry.yarnpkg.com/@esbuild/android-arm/-/android-arm-0.21.5.tgz#9b04384fb771926dfa6d7ad04324ecb2ab9b2e28"
  integrity sha512-vCPvzSjpPHEi1siZdlvAlsPxXl7WbOVUBBAowWug4rJHb68Ox8KualB+1ocNvT5fjv6wpkX6o/iEpbDrf68zcg==

"@esbuild/android-x64@0.21.5":
  version "0.21.5"
  resolved "https://registry.yarnpkg.com/@esbuild/android-x64/-/android-x64-0.21.5.tgz#29918ec2db754cedcb6c1b04de8cd6547af6461e"
  integrity sha512-D7aPRUUNHRBwHxzxRvp856rjUHRFW1SdQATKXH2hqA0kAZb1hKmi02OpYRacl0TxIGz/ZmXWlbZgjwWYaCakTA==

"@esbuild/darwin-arm64@0.21.5":
  version "0.21.5"
  resolved "https://registry.yarnpkg.com/@esbuild/darwin-arm64/-/darwin-arm64-0.21.5.tgz#e495b539660e51690f3928af50a76fb0a6ccff2a"
  integrity sha512-DwqXqZyuk5AiWWf3UfLiRDJ5EDd49zg6O9wclZ7kUMv2WRFr4HKjXp/5t8JZ11QbQfUS6/cRCKGwYhtNAY88kQ==

"@esbuild/darwin-x64@0.21.5":
  version "0.21.5"
  resolved "https://registry.yarnpkg.com/@esbuild/darwin-x64/-/darwin-x64-0.21.5.tgz#c13838fa57372839abdddc91d71542ceea2e1e22"
  integrity sha512-se/JjF8NlmKVG4kNIuyWMV/22ZaerB+qaSi5MdrXtd6R08kvs2qCN4C09miupktDitvh8jRFflwGFBQcxZRjbw==

"@esbuild/freebsd-arm64@0.21.5":
  version "0.21.5"
  resolved "https://registry.yarnpkg.com/@esbuild/freebsd-arm64/-/freebsd-arm64-0.21.5.tgz#646b989aa20bf89fd071dd5dbfad69a3542e550e"
  integrity sha512-5JcRxxRDUJLX8JXp/wcBCy3pENnCgBR9bN6JsY4OmhfUtIHe3ZW0mawA7+RDAcMLrMIZaf03NlQiX9DGyB8h4g==

"@esbuild/freebsd-x64@0.21.5":
  version "0.21.5"
  resolved "https://registry.yarnpkg.com/@esbuild/freebsd-x64/-/freebsd-x64-0.21.5.tgz#aa615cfc80af954d3458906e38ca22c18cf5c261"
  integrity sha512-J95kNBj1zkbMXtHVH29bBriQygMXqoVQOQYA+ISs0/2l3T9/kj42ow2mpqerRBxDJnmkUDCaQT/dfNXWX/ZZCQ==

"@esbuild/linux-arm64@0.21.5":
  version "0.21.5"
  resolved "https://registry.yarnpkg.com/@esbuild/linux-arm64/-/linux-arm64-0.21.5.tgz#70ac6fa14f5cb7e1f7f887bcffb680ad09922b5b"
  integrity sha512-ibKvmyYzKsBeX8d8I7MH/TMfWDXBF3db4qM6sy+7re0YXya+K1cem3on9XgdT2EQGMu4hQyZhan7TeQ8XkGp4Q==

"@esbuild/linux-arm@0.21.5":
  version "0.21.5"
  resolved "https://registry.yarnpkg.com/@esbuild/linux-arm/-/linux-arm-0.21.5.tgz#fc6fd11a8aca56c1f6f3894f2bea0479f8f626b9"
  integrity sha512-bPb5AHZtbeNGjCKVZ9UGqGwo8EUu4cLq68E95A53KlxAPRmUyYv2D6F0uUI65XisGOL1hBP5mTronbgo+0bFcA==

"@esbuild/linux-ia32@0.21.5":
  version "0.21.5"
  resolved "https://registry.yarnpkg.com/@esbuild/linux-ia32/-/linux-ia32-0.21.5.tgz#3271f53b3f93e3d093d518d1649d6d68d346ede2"
  integrity sha512-YvjXDqLRqPDl2dvRODYmmhz4rPeVKYvppfGYKSNGdyZkA01046pLWyRKKI3ax8fbJoK5QbxblURkwK/MWY18Tg==

"@esbuild/linux-loong64@0.21.5":
  version "0.21.5"
  resolved "https://registry.yarnpkg.com/@esbuild/linux-loong64/-/linux-loong64-0.21.5.tgz#ed62e04238c57026aea831c5a130b73c0f9f26df"
  integrity sha512-uHf1BmMG8qEvzdrzAqg2SIG/02+4/DHB6a9Kbya0XDvwDEKCoC8ZRWI5JJvNdUjtciBGFQ5PuBlpEOXQj+JQSg==

"@esbuild/linux-mips64el@0.21.5":
  version "0.21.5"
  resolved "https://registry.yarnpkg.com/@esbuild/linux-mips64el/-/linux-mips64el-0.21.5.tgz#e79b8eb48bf3b106fadec1ac8240fb97b4e64cbe"
  integrity sha512-IajOmO+KJK23bj52dFSNCMsz1QP1DqM6cwLUv3W1QwyxkyIWecfafnI555fvSGqEKwjMXVLokcV5ygHW5b3Jbg==

"@esbuild/linux-ppc64@0.21.5":
  version "0.21.5"
  resolved "https://registry.yarnpkg.com/@esbuild/linux-ppc64/-/linux-ppc64-0.21.5.tgz#5f2203860a143b9919d383ef7573521fb154c3e4"
  integrity sha512-1hHV/Z4OEfMwpLO8rp7CvlhBDnjsC3CttJXIhBi+5Aj5r+MBvy4egg7wCbe//hSsT+RvDAG7s81tAvpL2XAE4w==

"@esbuild/linux-riscv64@0.21.5":
  version "0.21.5"
  resolved "https://registry.yarnpkg.com/@esbuild/linux-riscv64/-/linux-riscv64-0.21.5.tgz#07bcafd99322d5af62f618cb9e6a9b7f4bb825dc"
  integrity sha512-2HdXDMd9GMgTGrPWnJzP2ALSokE/0O5HhTUvWIbD3YdjME8JwvSCnNGBnTThKGEB91OZhzrJ4qIIxk/SBmyDDA==

"@esbuild/linux-s390x@0.21.5":
  version "0.21.5"
  resolved "https://registry.yarnpkg.com/@esbuild/linux-s390x/-/linux-s390x-0.21.5.tgz#b7ccf686751d6a3e44b8627ababc8be3ef62d8de"
  integrity sha512-zus5sxzqBJD3eXxwvjN1yQkRepANgxE9lgOW2qLnmr8ikMTphkjgXu1HR01K4FJg8h1kEEDAqDcZQtbrRnB41A==

"@esbuild/linux-x64@0.21.5":
  version "0.21.5"
  resolved "https://registry.yarnpkg.com/@esbuild/linux-x64/-/linux-x64-0.21.5.tgz#6d8f0c768e070e64309af8004bb94e68ab2bb3b0"
  integrity sha512-1rYdTpyv03iycF1+BhzrzQJCdOuAOtaqHTWJZCWvijKD2N5Xu0TtVC8/+1faWqcP9iBCWOmjmhoH94dH82BxPQ==

"@esbuild/netbsd-x64@0.21.5":
  version "0.21.5"
  resolved "https://registry.yarnpkg.com/@esbuild/netbsd-x64/-/netbsd-x64-0.21.5.tgz#bbe430f60d378ecb88decb219c602667387a6047"
  integrity sha512-Woi2MXzXjMULccIwMnLciyZH4nCIMpWQAs049KEeMvOcNADVxo0UBIQPfSmxB3CWKedngg7sWZdLvLczpe0tLg==

"@esbuild/openbsd-x64@0.21.5":
  version "0.21.5"
  resolved "https://registry.yarnpkg.com/@esbuild/openbsd-x64/-/openbsd-x64-0.21.5.tgz#99d1cf2937279560d2104821f5ccce220cb2af70"
  integrity sha512-HLNNw99xsvx12lFBUwoT8EVCsSvRNDVxNpjZ7bPn947b8gJPzeHWyNVhFsaerc0n3TsbOINvRP2byTZ5LKezow==

"@esbuild/sunos-x64@0.21.5":
  version "0.21.5"
  resolved "https://registry.yarnpkg.com/@esbuild/sunos-x64/-/sunos-x64-0.21.5.tgz#08741512c10d529566baba837b4fe052c8f3487b"
  integrity sha512-6+gjmFpfy0BHU5Tpptkuh8+uw3mnrvgs+dSPQXQOv3ekbordwnzTVEb4qnIvQcYXq6gzkyTnoZ9dZG+D4garKg==

"@esbuild/win32-arm64@0.21.5":
  version "0.21.5"
  resolved "https://registry.yarnpkg.com/@esbuild/win32-arm64/-/win32-arm64-0.21.5.tgz#675b7385398411240735016144ab2e99a60fc75d"
  integrity sha512-Z0gOTd75VvXqyq7nsl93zwahcTROgqvuAcYDUr+vOv8uHhNSKROyU961kgtCD1e95IqPKSQKH7tBTslnS3tA8A==

"@esbuild/win32-ia32@0.21.5":
  version "0.21.5"
  resolved "https://registry.yarnpkg.com/@esbuild/win32-ia32/-/win32-ia32-0.21.5.tgz#1bfc3ce98aa6ca9a0969e4d2af72144c59c1193b"
  integrity sha512-SWXFF1CL2RVNMaVs+BBClwtfZSvDgtL//G/smwAc5oVK/UPu2Gu9tIaRgFmYFFKrmg3SyAjSrElf0TiJ1v8fYA==

"@esbuild/win32-x64@0.21.5":
  version "0.21.5"
  resolved "https://registry.npmjs.org/@esbuild/win32-x64/-/win32-x64-0.21.5.tgz"
  integrity sha512-tQd/1efJuzPC6rCFwEvLtci/xNFcTZknmXs98FYDfGE4wP9ClFV98nyKrzJKVPMhdDnjzLhdUyMX4PsQAPjwIw==

"@floating-ui/core@^1.6.0":
  version "1.6.4"
  resolved "https://registry.npmjs.org/@floating-ui/core/-/core-1.6.4.tgz"
  integrity sha512-a4IowK4QkXl4SCWTGUR0INAfEOX3wtsYw3rKK5InQEHMGObkR8Xk44qYQD9P4r6HHw0iIfK6GUKECmY8sTkqRA==
  dependencies:
    "@floating-ui/utils" "^0.2.4"

"@floating-ui/dom@^1.0.1":
  version "1.6.7"
  resolved "https://registry.npmjs.org/@floating-ui/dom/-/dom-1.6.7.tgz"
  integrity sha512-wmVfPG5o2xnKDU4jx/m4w5qva9FWHcnZ8BvzEe90D/RpwsJaTAVYPEPdQ8sbr/N8zZTAHlZUTQdqg8ZUbzHmng==
  dependencies:
    "@floating-ui/core" "^1.6.0"
    "@floating-ui/utils" "^0.2.4"

"@floating-ui/utils@^0.2.4":
  version "0.2.4"
  resolved "https://registry.npmjs.org/@floating-ui/utils/-/utils-0.2.4.tgz"
  integrity sha512-dWO2pw8hhi+WrXq1YJy2yCuWoL20PddgGaqTgVe4cOS9Q6qklXCiA1tJEqX6BEwRNSCP84/afac9hd4MS+zEUA==

"@intlify/core-base@11.1.1":
  version "11.1.1"
  resolved "https://registry.yarnpkg.com/@intlify/core-base/-/core-base-11.1.1.tgz#2ab2f21fac40a5a2ceb190e9cbf6c23393e105a2"
  integrity sha512-bb8gZvoeKExCI2r/NVCK9E4YyOkvYGaSCPxVZe8T0jz8aX+dHEOZWxK06Z/Y9mWRkJfBiCH4aOhDF1yr1t5J8Q==
  dependencies:
    "@intlify/message-compiler" "11.1.1"
    "@intlify/shared" "11.1.1"

"@intlify/message-compiler@11.1.1":
  version "11.1.1"
  resolved "https://registry.yarnpkg.com/@intlify/message-compiler/-/message-compiler-11.1.1.tgz#07c8640460d3ec4c70411f902fc38c90a3f1d8cf"
  integrity sha512-4iEsUZ3aF7jXY19CJFN5VP+pPyLITD9FVsjB13z9TU1UxaZLlFsmNhvRxlPDSOfHAP5RpNF2QKKdZ3DHVf4Yzw==
  dependencies:
    "@intlify/shared" "11.1.1"
    source-map-js "^1.0.2"

"@intlify/shared@11.1.1":
  version "11.1.1"
  resolved "https://registry.yarnpkg.com/@intlify/shared/-/shared-11.1.1.tgz#7cd50bf4dd5162a59d2e27aa1a03b4b68275dfeb"
  integrity sha512-2kGiWoXaeV8HZlhU/Nml12oTbhv7j2ufsJ5vQaa0VTjzUmZVdd/nmKFRAOJ/FtjO90Qba5AnZDwsrY7ZND5udA==

"@jridgewell/gen-mapping@^0.3.5":
  version "0.3.13"
  resolved "https://registry.yarnpkg.com/@jridgewell/gen-mapping/-/gen-mapping-0.3.13.tgz#6342a19f44347518c93e43b1ac69deb3c4656a1f"
  integrity sha512-2kkt/7niJ6MgEPxF0bYdQ6etZaA+fQvDcLKckhy1yIQOzaoKjBBjSj63/aLVjYE3qhRt5dvM+uUyfCg6UKCBbA==
  dependencies:
    "@jridgewell/sourcemap-codec" "^1.5.0"
    "@jridgewell/trace-mapping" "^0.3.24"

"@jridgewell/remapping@^2.3.4":
  version "2.3.5"
  resolved "https://registry.yarnpkg.com/@jridgewell/remapping/-/remapping-2.3.5.tgz#375c476d1972947851ba1e15ae8f123047445aa1"
  integrity sha512-LI9u/+laYG4Ds1TDKSJW2YPrIlcVYOwi2fUC6xB43lueCjgxV4lffOCZCtYFiH6TNOX+tQKXx97T4IKHbhyHEQ==
  dependencies:
    "@jridgewell/gen-mapping" "^0.3.5"
    "@jridgewell/trace-mapping" "^0.3.24"

"@jridgewell/resolve-uri@^3.1.0":
  version "3.1.2"
  resolved "https://registry.npmjs.org/@jridgewell/resolve-uri/-/resolve-uri-3.1.2.tgz"
  integrity sha512-bRISgCIjP20/tbWSPWMEi54QVPRZExkuD9lJL+UIxUKtwVJA8wW1Trb1jMs1RFXo1CBTNZ/5hpC9QvmKWdopKw==

"@jridgewell/sourcemap-codec@^1.4.14", "@jridgewell/sourcemap-codec@^1.4.15":
  version "1.5.0"
  resolved "https://registry.npmjs.org/@jridgewell/sourcemap-codec/-/sourcemap-codec-1.5.0.tgz"
  integrity sha512-gv3ZRaISU3fjPAgNsriBRqGWQL6quFx04YMPW/zD8XMLsU32mhCCbfbO6KZFLjvYpCZ8zyDEgqsgf+PwPaM7GQ==

"@jridgewell/sourcemap-codec@^1.5.0", "@jridgewell/sourcemap-codec@^1.5.5":
  version "1.5.5"
  resolved "https://registry.yarnpkg.com/@jridgewell/sourcemap-codec/-/sourcemap-codec-1.5.5.tgz#6912b00d2c631c0d15ce1a7ab57cd657f2a8f8ba"
  integrity sha512-cYQ9310grqxueWbl+WuIUIaiUaDcj7WOq5fVhEljNVgRfOUhY9fy2zTvfoqWsnebh8Sl70VScFbICvJnLKB0Og==

"@jridgewell/trace-mapping@^0.3.24":
  version "0.3.25"
  resolved "https://registry.npmjs.org/@jridgewell/trace-mapping/-/trace-mapping-0.3.25.tgz"
  integrity sha512-vNk6aEwybGtawWmy/PzwnGDOjCkLWSD2wqvjGGAgOAwCGWySYXfYoxt00IJkTF+8Lb57DwOb3Aa0o9CApepiYQ==
  dependencies:
    "@jridgewell/resolve-uri" "^3.1.0"
    "@jridgewell/sourcemap-codec" "^1.4.14"

"@napi-rs/wasm-runtime@^1.1.0":
  version "1.1.1"
  resolved "https://registry.yarnpkg.com/@napi-rs/wasm-runtime/-/wasm-runtime-1.1.1.tgz#c3705ab549d176b8dc5172723d6156c3dc426af2"
  integrity sha512-p64ah1M1ld8xjWv3qbvFwHiFVWrq1yFvV4f7w+mzaqiR4IlSgkqhcRdHwsGgomwzBH51sRY4NEowLxnaBjcW/A==
  dependencies:
    "@emnapi/core" "^1.7.1"
    "@emnapi/runtime" "^1.7.1"
    "@tybys/wasm-util" "^0.10.1"

"@popperjs/core@npm:@sxzz/popperjs-es@^2.11.7":
  version "2.11.7"
  resolved "https://registry.npmjs.org/@sxzz/popperjs-es/-/popperjs-es-2.11.7.tgz"
  integrity sha512-Ccy0NlLkzr0Ex2FKvh2X+OyERHXJ88XJ1MXtsI9y9fGexlaXaVTPzBCRBwIxFkORuOb+uBqeu+RqnpgYTEZRUQ==

"@rollup/rollup-android-arm-eabi@4.18.1":
  version "4.18.1"
  resolved "https://registry.yarnpkg.com/@rollup/rollup-android-arm-eabi/-/rollup-android-arm-eabi-4.18.1.tgz#f0da481244b7d9ea15296b35f7fe39cd81157396"
  integrity sha512-lncuC4aHicncmbORnx+dUaAgzee9cm/PbIqgWz1PpXuwc+sa1Ct83tnqUDy/GFKleLiN7ZIeytM6KJ4cAn1SxA==

"@rollup/rollup-android-arm64@4.18.1":
  version "4.18.1"
  resolved "https://registry.yarnpkg.com/@rollup/rollup-android-arm64/-/rollup-android-arm64-4.18.1.tgz#82ab3c575f4235fb647abea5e08eec6cf325964e"
  integrity sha512-F/tkdw0WSs4ojqz5Ovrw5r9odqzFjb5LIgHdHZG65dFI1lWTWRVy32KDJLKRISHgJvqUeUhdIvy43fX41znyDg==

"@rollup/rollup-darwin-arm64@4.18.1":
  version "4.18.1"
  resolved "https://registry.yarnpkg.com/@rollup/rollup-darwin-arm64/-/rollup-darwin-arm64-4.18.1.tgz#6a530452e68a9152809ce58de1f89597632a085b"
  integrity sha512-vk+ma8iC1ebje/ahpxpnrfVQJibTMyHdWpOGZ3JpQ7Mgn/3QNHmPq7YwjZbIE7km73dH5M1e6MRRsnEBW7v5CQ==

"@rollup/rollup-darwin-x64@4.18.1":
  version "4.18.1"
  resolved "https://registry.yarnpkg.com/@rollup/rollup-darwin-x64/-/rollup-darwin-x64-4.18.1.tgz#47727479f5ca292cf434d7e75af2725b724ecbc7"
  integrity sha512-IgpzXKauRe1Tafcej9STjSSuG0Ghu/xGYH+qG6JwsAUxXrnkvNHcq/NL6nz1+jzvWAnQkuAJ4uIwGB48K9OCGA==

"@rollup/rollup-linux-arm-gnueabihf@4.18.1":
  version "4.18.1"
  resolved "https://registry.yarnpkg.com/@rollup/rollup-linux-arm-gnueabihf/-/rollup-linux-arm-gnueabihf-4.18.1.tgz#46193c498aa7902a8db89ac00128060320e84fef"
  integrity sha512-P9bSiAUnSSM7EmyRK+e5wgpqai86QOSv8BwvkGjLwYuOpaeomiZWifEos517CwbG+aZl1T4clSE1YqqH2JRs+g==

"@rollup/rollup-linux-arm-musleabihf@4.18.1":
  version "4.18.1"
  resolved "https://registry.yarnpkg.com/@rollup/rollup-linux-arm-musleabihf/-/rollup-linux-arm-musleabihf-4.18.1.tgz#22d831fe239643c1d05c98906420325cee439d85"
  integrity sha512-5RnjpACoxtS+aWOI1dURKno11d7krfpGDEn19jI8BuWmSBbUC4ytIADfROM1FZrFhQPSoP+KEa3NlEScznBTyQ==

"@rollup/rollup-linux-arm64-gnu@4.18.1":
  version "4.18.1"
  resolved "https://registry.yarnpkg.com/@rollup/rollup-linux-arm64-gnu/-/rollup-linux-arm64-gnu-4.18.1.tgz#19abd33695ec9d588b4a858d122631433084e4a3"
  integrity sha512-8mwmGD668m8WaGbthrEYZ9CBmPug2QPGWxhJxh/vCgBjro5o96gL04WLlg5BA233OCWLqERy4YUzX3bJGXaJgQ==

"@rollup/rollup-linux-arm64-musl@4.18.1":
  version "4.18.1"
  resolved "https://registry.yarnpkg.com/@rollup/rollup-linux-arm64-musl/-/rollup-linux-arm64-musl-4.18.1.tgz#d60af8c0b9be424424ff96a0ba19fce65d26f6ab"
  integrity sha512-dJX9u4r4bqInMGOAQoGYdwDP8lQiisWb9et+T84l2WXk41yEej8v2iGKodmdKimT8cTAYt0jFb+UEBxnPkbXEQ==

"@rollup/rollup-linux-powerpc64le-gnu@4.18.1":
  version "4.18.1"
  resolved "https://registry.yarnpkg.com/@rollup/rollup-linux-powerpc64le-gnu/-/rollup-linux-powerpc64le-gnu-4.18.1.tgz#b1194e5ed6d138fdde0842d126fccde74a90f457"
  integrity sha512-V72cXdTl4EI0x6FNmho4D502sy7ed+LuVW6Ym8aI6DRQ9hQZdp5sj0a2usYOlqvFBNKQnLQGwmYnujo2HvjCxQ==

"@rollup/rollup-linux-riscv64-gnu@4.18.1":
  version "4.18.1"
  resolved "https://registry.yarnpkg.com/@rollup/rollup-linux-riscv64-gnu/-/rollup-linux-riscv64-gnu-4.18.1.tgz#f5a635c017b9bff8b856b0221fbd5c0e3373b7ec"
  integrity sha512-f+pJih7sxoKmbjghrM2RkWo2WHUW8UbfxIQiWo5yeCaCM0TveMEuAzKJte4QskBp1TIinpnRcxkquY+4WuY/tg==

"@rollup/rollup-linux-s390x-gnu@4.18.1":
  version "4.18.1"
  resolved "https://registry.yarnpkg.com/@rollup/rollup-linux-s390x-gnu/-/rollup-linux-s390x-gnu-4.18.1.tgz#f1043d9f4026bf6995863cb3f8dd4732606e4baa"
  integrity sha512-qb1hMMT3Fr/Qz1OKovCuUM11MUNLUuHeBC2DPPAWUYYUAOFWaxInaTwTQmc7Fl5La7DShTEpmYwgdt2hG+4TEg==

"@rollup/rollup-linux-x64-gnu@4.18.1":
  version "4.18.1"
  resolved "https://registry.yarnpkg.com/@rollup/rollup-linux-x64-gnu/-/rollup-linux-x64-gnu-4.18.1.tgz#1e781730be445119f06c9df5f185e193bc82c610"
  integrity sha512-7O5u/p6oKUFYjRbZkL2FLbwsyoJAjyeXHCU3O4ndvzg2OFO2GinFPSJFGbiwFDaCFc+k7gs9CF243PwdPQFh5g==

"@rollup/rollup-linux-x64-musl@4.18.1":
  version "4.18.1"
  resolved "https://registry.yarnpkg.com/@rollup/rollup-linux-x64-musl/-/rollup-linux-x64-musl-4.18.1.tgz#08f12e1965d6f27d6898ff932592121cca6abc4b"
  integrity sha512-pDLkYITdYrH/9Cv/Vlj8HppDuLMDUBmgsM0+N+xLtFd18aXgM9Nyqupb/Uw+HeidhfYg2lD6CXvz6CjoVOaKjQ==

"@rollup/rollup-win32-arm64-msvc@4.18.1":
  version "4.18.1"
  resolved "https://registry.yarnpkg.com/@rollup/rollup-win32-arm64-msvc/-/rollup-win32-arm64-msvc-4.18.1.tgz#4a5dcbbe7af7d41cac92b09798e7c1831da1f599"
  integrity sha512-W2ZNI323O/8pJdBGil1oCauuCzmVd9lDmWBBqxYZcOqWD6aWqJtVBQ1dFrF4dYpZPks6F+xCZHfzG5hYlSHZ6g==

"@rollup/rollup-win32-ia32-msvc@4.18.1":
  version "4.18.1"
  resolved "https://registry.yarnpkg.com/@rollup/rollup-win32-ia32-msvc/-/rollup-win32-ia32-msvc-4.18.1.tgz#075b0713de627843a73b4cf0e087c56b53e9d780"
  integrity sha512-ELfEX1/+eGZYMaCIbK4jqLxO1gyTSOIlZr6pbC4SRYFaSIDVKOnZNMdoZ+ON0mrFDp4+H5MhwNC1H/AhE3zQLg==

"@rollup/rollup-win32-x64-msvc@4.18.1":
  version "4.18.1"
  resolved "https://registry.npmjs.org/@rollup/rollup-win32-x64-msvc/-/rollup-win32-x64-msvc-4.18.1.tgz"
  integrity sha512-yjk2MAkQmoaPYCSu35RLJ62+dz358nE83VfTePJRp8CG7aMg25mEJYpXFiD+NcevhX8LxD5OP5tktPXnXN7GDw==

"@tailwindcss/node@4.1.18":
  version "4.1.18"
  resolved "https://registry.yarnpkg.com/@tailwindcss/node/-/node-4.1.18.tgz#9863be0d26178638794a38d6c7c14666fb992e8a"
  integrity sha512-DoR7U1P7iYhw16qJ49fgXUlry1t4CpXeErJHnQ44JgTSKMaZUdf17cfn5mHchfJ4KRBZRFA/Coo+MUF5+gOaCQ==
  dependencies:
    "@jridgewell/remapping" "^2.3.4"
    enhanced-resolve "^5.18.3"
    jiti "^2.6.1"
    lightningcss "1.30.2"
    magic-string "^0.30.21"
    source-map-js "^1.2.1"
    tailwindcss "4.1.18"

"@tailwindcss/oxide-android-arm64@4.1.18":
  version "4.1.18"
  resolved "https://registry.yarnpkg.com/@tailwindcss/oxide-android-arm64/-/oxide-android-arm64-4.1.18.tgz#79717f87e90135e5d3d23a3d3aecde4ca5595dd5"
  integrity sha512-dJHz7+Ugr9U/diKJA0W6N/6/cjI+ZTAoxPf9Iz9BFRF2GzEX8IvXxFIi/dZBloVJX/MZGvRuFA9rqwdiIEZQ0Q==

"@tailwindcss/oxide-darwin-arm64@4.1.18":
  version "4.1.18"
  resolved "https://registry.yarnpkg.com/@tailwindcss/oxide-darwin-arm64/-/oxide-darwin-arm64-4.1.18.tgz#7fa47608d62d60e9eb020682249d20159667fbb0"
  integrity sha512-Gc2q4Qhs660bhjyBSKgq6BYvwDz4G+BuyJ5H1xfhmDR3D8HnHCmT/BSkvSL0vQLy/nkMLY20PQ2OoYMO15Jd0A==

"@tailwindcss/oxide-darwin-x64@4.1.18":
  version "4.1.18"
  resolved "https://registry.yarnpkg.com/@tailwindcss/oxide-darwin-x64/-/oxide-darwin-x64-4.1.18.tgz#c05991c85aa2af47bf9d1f8172fe9e4636591e79"
  integrity sha512-FL5oxr2xQsFrc3X9o1fjHKBYBMD1QZNyc1Xzw/h5Qu4XnEBi3dZn96HcHm41c/euGV+GRiXFfh2hUCyKi/e+yw==

"@tailwindcss/oxide-freebsd-x64@4.1.18":
  version "4.1.18"
  resolved "https://registry.yarnpkg.com/@tailwindcss/oxide-freebsd-x64/-/oxide-freebsd-x64-4.1.18.tgz#3d48e8d79fd08ece0e02af8e72d5059646be34d0"
  integrity sha512-Fj+RHgu5bDodmV1dM9yAxlfJwkkWvLiRjbhuO2LEtwtlYlBgiAT4x/j5wQr1tC3SANAgD+0YcmWVrj8R9trVMA==

"@tailwindcss/oxide-linux-arm-gnueabihf@4.1.18":
  version "4.1.18"
  resolved "https://registry.yarnpkg.com/@tailwindcss/oxide-linux-arm-gnueabihf/-/oxide-linux-arm-gnueabihf-4.1.18.tgz#982ecd1a65180807ccfde67dc17c6897f2e50aa8"
  integrity sha512-Fp+Wzk/Ws4dZn+LV2Nqx3IilnhH51YZoRaYHQsVq3RQvEl+71VGKFpkfHrLM/Li+kt5c0DJe/bHXK1eHgDmdiA==

"@tailwindcss/oxide-linux-arm64-gnu@4.1.18":
  version "4.1.18"
  resolved "https://registry.yarnpkg.com/@tailwindcss/oxide-linux-arm64-gnu/-/oxide-linux-arm64-gnu-4.1.18.tgz#df49357bc9737b2e9810ea950c1c0647ba6573c3"
  integrity sha512-S0n3jboLysNbh55Vrt7pk9wgpyTTPD0fdQeh7wQfMqLPM/Hrxi+dVsLsPrycQjGKEQk85Kgbx+6+QnYNiHalnw==

"@tailwindcss/oxide-linux-arm64-musl@4.1.18":
  version "4.1.18"
  resolved "https://registry.yarnpkg.com/@tailwindcss/oxide-linux-arm64-musl/-/oxide-linux-arm64-musl-4.1.18.tgz#b266c12822bf87883cf152615f8fffb8519d689c"
  integrity sha512-1px92582HkPQlaaCkdRcio71p8bc8i/ap5807tPRDK/uw953cauQBT8c5tVGkOwrHMfc2Yh6UuxaH4vtTjGvHg==

"@tailwindcss/oxide-linux-x64-gnu@4.1.18":
  version "4.1.18"
  resolved "https://registry.yarnpkg.com/@tailwindcss/oxide-linux-x64-gnu/-/oxide-linux-x64-gnu-4.1.18.tgz#5c737f13dd9529b25b314e6000ff54e05b3811da"
  integrity sha512-v3gyT0ivkfBLoZGF9LyHmts0Isc8jHZyVcbzio6Wpzifg/+5ZJpDiRiUhDLkcr7f/r38SWNe7ucxmGW3j3Kb/g==

"@tailwindcss/oxide-linux-x64-musl@4.1.18":
  version "4.1.18"
  resolved "https://registry.yarnpkg.com/@tailwindcss/oxide-linux-x64-musl/-/oxide-linux-x64-musl-4.1.18.tgz#3380e17f7be391f1ef924be9f0afe1f304fe3478"
  integrity sha512-bhJ2y2OQNlcRwwgOAGMY0xTFStt4/wyU6pvI6LSuZpRgKQwxTec0/3Scu91O8ir7qCR3AuepQKLU/kX99FouqQ==

"@tailwindcss/oxide-wasm32-wasi@4.1.18":
  version "4.1.18"
  resolved "https://registry.yarnpkg.com/@tailwindcss/oxide-wasm32-wasi/-/oxide-wasm32-wasi-4.1.18.tgz#9464df0e28a499aab1c55e97682be37b3a656c88"
  integrity sha512-LffYTvPjODiP6PT16oNeUQJzNVyJl1cjIebq/rWWBF+3eDst5JGEFSc5cWxyRCJ0Mxl+KyIkqRxk1XPEs9x8TA==
  dependencies:
    "@emnapi/core" "^1.7.1"
    "@emnapi/runtime" "^1.7.1"
    "@emnapi/wasi-threads" "^1.1.0"
    "@napi-rs/wasm-runtime" "^1.1.0"
    "@tybys/wasm-util" "^0.10.1"
    tslib "^2.4.0"

"@tailwindcss/oxide-win32-arm64-msvc@4.1.18":
  version "4.1.18"
  resolved "https://registry.yarnpkg.com/@tailwindcss/oxide-win32-arm64-msvc/-/oxide-win32-arm64-msvc-4.1.18.tgz#bbcdd59c628811f6a0a4d5b09616967d8fb0c4d4"
  integrity sha512-HjSA7mr9HmC8fu6bdsZvZ+dhjyGCLdotjVOgLA2vEqxEBZaQo9YTX4kwgEvPCpRh8o4uWc4J/wEoFzhEmjvPbA==

"@tailwindcss/oxide-win32-x64-msvc@4.1.18":
  version "4.1.18"
  resolved "https://registry.yarnpkg.com/@tailwindcss/oxide-win32-x64-msvc/-/oxide-win32-x64-msvc-4.1.18.tgz#9c628d04623aa4c3536c508289f58d58ba4b3fb1"
  integrity sha512-bJWbyYpUlqamC8dpR7pfjA0I7vdF6t5VpUGMWRkXVE3AXgIZjYUYAK7II1GNaxR8J1SSrSrppRar8G++JekE3Q==

"@tailwindcss/oxide@4.1.18":
  version "4.1.18"
  resolved "https://registry.yarnpkg.com/@tailwindcss/oxide/-/oxide-4.1.18.tgz#c8335cd0a83e9880caecd60abf7904f43ebab582"
  integrity sha512-EgCR5tTS5bUSKQgzeMClT6iCY3ToqE1y+ZB0AKldj809QXk1Y+3jB0upOYZrn9aGIzPtUsP7sX4QQ4XtjBB95A==
  optionalDependencies:
    "@tailwindcss/oxide-android-arm64" "4.1.18"
    "@tailwindcss/oxide-darwin-arm64" "4.1.18"
    "@tailwindcss/oxide-darwin-x64" "4.1.18"
    "@tailwindcss/oxide-freebsd-x64" "4.1.18"
    "@tailwindcss/oxide-linux-arm-gnueabihf" "4.1.18"
    "@tailwindcss/oxide-linux-arm64-gnu" "4.1.18"
    "@tailwindcss/oxide-linux-arm64-musl" "4.1.18"
    "@tailwindcss/oxide-linux-x64-gnu" "4.1.18"
    "@tailwindcss/oxide-linux-x64-musl" "4.1.18"
    "@tailwindcss/oxide-wasm32-wasi" "4.1.18"
    "@tailwindcss/oxide-win32-arm64-msvc" "4.1.18"
    "@tailwindcss/oxide-win32-x64-msvc" "4.1.18"

"@tailwindcss/vite@^4.1.18":
  version "4.1.18"
  resolved "https://registry.yarnpkg.com/@tailwindcss/vite/-/vite-4.1.18.tgz#614b9d5483559518c72d31bca05d686f8df28e9a"
  integrity sha512-jVA+/UpKL1vRLg6Hkao5jldawNmRo7mQYrZtNHMIVpLfLhDml5nMRUo/8MwoX2vNXvnaXNNMedrMfMugAVX1nA==
  dependencies:
    "@tailwindcss/node" "4.1.18"
    "@tailwindcss/oxide" "4.1.18"
    tailwindcss "4.1.18"

"@tybys/wasm-util@^0.10.1":
  version "0.10.1"
  resolved "https://registry.yarnpkg.com/@tybys/wasm-util/-/wasm-util-0.10.1.tgz#ecddd3205cf1e2d5274649ff0eedd2991ed7f414"
  integrity sha512-9tTaPJLSiejZKx+Bmog4uSubteqTvFrVrURwkmHixBo0G4seD0zUxp98E1DzUBJxLQ3NPwXrGKDiVjwx/DpPsg==
  dependencies:
    tslib "^2.4.0"

"@types/estree@1.0.5":
  version "1.0.5"
  resolved "https://registry.npmjs.org/@types/estree/-/estree-1.0.5.tgz"
  integrity sha512-/kYRxGDLWzHOB7q+wtSUQlFrtcdUccpfy+X+9iMBpHK8QLLhx2wIPYuS5DYtR9Wa/YlZAbIovy7qVdB1Aq6Lyw==

"@types/lodash-es@^4.17.6":
  version "4.17.12"
  resolved "https://registry.npmjs.org/@types/lodash-es/-/lodash-es-4.17.12.tgz"
  integrity sha512-0NgftHUcV4v34VhXm8QBSftKVXtbkBG3ViCjs6+eJ5a6y6Mi/jiFGPc1sC7QK+9BFhWrURE3EOggmWaSxL9OzQ==
  dependencies:
    "@types/lodash" "*"

"@types/lodash@*", "@types/lodash@^4.14.182":
  version "4.17.6"
  resolved "https://registry.npmjs.org/@types/lodash/-/lodash-4.17.6.tgz"
  integrity sha512-OpXEVoCKSS3lQqjx9GGGOapBeuW5eUboYHRlHP9urXPX25IKZ6AnP5ZRxtVf63iieUbsHxLn8NQ5Nlftc6yzAA==

"@types/web-bluetooth@^0.0.16":
  version "0.0.16"
  resolved "https://registry.npmjs.org/@types/web-bluetooth/-/web-bluetooth-0.0.16.tgz"
  integrity sha512-oh8q2Zc32S6gd/j50GowEjKLoOVOwHP/bWVjKJInBwQqdOYMdPrf1oVlelTlyfFK3CKxL1uahMDAr+vy8T7yMQ==

"@vitejs/plugin-vue@^5.0.5":
  version "5.0.5"
  resolved "https://registry.npmjs.org/@vitejs/plugin-vue/-/plugin-vue-5.0.5.tgz"
  integrity sha512-LOjm7XeIimLBZyzinBQ6OSm3UBCNVCpLkxGC0oWmm2YPzVZoxMsdvNVimLTBzpAnR9hl/yn1SHGuRfe6/Td9rQ==

"@vue/compiler-core@3.4.31":
  version "3.4.31"
  resolved "https://registry.npmjs.org/@vue/compiler-core/-/compiler-core-3.4.31.tgz"
  integrity sha512-skOiodXWTV3DxfDhB4rOf3OGalpITLlgCeOwb+Y9GJpfQ8ErigdBUHomBzvG78JoVE8MJoQsb+qhZiHfKeNeEg==
  dependencies:
    "@babel/parser" "^7.24.7"
    "@vue/shared" "3.4.31"
    entities "^4.5.0"
    estree-walker "^2.0.2"
    source-map-js "^1.2.0"

"@vue/compiler-dom@3.4.31":
  version "3.4.31"
  resolved "https://registry.npmjs.org/@vue/compiler-dom/-/compiler-dom-3.4.31.tgz"
  integrity sha512-wK424WMXsG1IGMyDGyLqB+TbmEBFM78hIsOJ9QwUVLGrcSk0ak6zYty7Pj8ftm7nEtdU/DGQxAXp0/lM/2cEpQ==
  dependencies:
    "@vue/compiler-core" "3.4.31"
    "@vue/shared" "3.4.31"

"@vue/compiler-sfc@3.4.31":
  version "3.4.31"
  resolved "https://registry.npmjs.org/@vue/compiler-sfc/-/compiler-sfc-3.4.31.tgz"
  integrity sha512-einJxqEw8IIJxzmnxmJBuK2usI+lJonl53foq+9etB2HAzlPjAS/wa7r0uUpXw5ByX3/0uswVSrjNb17vJm1kQ==
  dependencies:
    "@babel/parser" "^7.24.7"
    "@vue/compiler-core" "3.4.31"
    "@vue/compiler-dom" "3.4.31"
    "@vue/compiler-ssr" "3.4.31"
    "@vue/shared" "3.4.31"
    estree-walker "^2.0.2"
    magic-string "^0.30.10"
    postcss "^8.4.38"
    source-map-js "^1.2.0"

"@vue/compiler-ssr@3.4.31":
  version "3.4.31"
  resolved "https://registry.npmjs.org/@vue/compiler-ssr/-/compiler-ssr-3.4.31.tgz"
  integrity sha512-RtefmITAje3fJ8FSg1gwgDhdKhZVntIVbwupdyZDSifZTRMiWxWehAOTCc8/KZDnBOcYQ4/9VWxsTbd3wT0hAA==
  dependencies:
    "@vue/compiler-dom" "3.4.31"
    "@vue/shared" "3.4.31"

"@vue/devtools-api@^6.5.0":
  version "6.6.4"
  resolved "https://registry.yarnpkg.com/@vue/devtools-api/-/devtools-api-6.6.4.tgz#cbe97fe0162b365edc1dba80e173f90492535343"
  integrity sha512-sGhTPMuXqZ1rVOk32RylztWkfXTRhuS7vgAKv0zjqk8gbsHkJ7xfFf+jbySxt7tWObEJwyKaHMikV/WGDiQm8g==

"@vue/devtools-api@^6.5.1":
  version "6.6.3"
  resolved "https://registry.yarnpkg.com/@vue/devtools-api/-/devtools-api-6.6.3.tgz#b23a588154cba8986bba82b6e1d0248bde3fd1a0"
  integrity sha512-0MiMsFma/HqA6g3KLKn+AGpL1kgKhFWszC9U29NfpWK5LE7bjeXxySWJrOJ77hBz+TBrBQ7o4QJqbPbqbs8rJw==

"@vue/reactivity@3.4.31":
  version "3.4.31"
  resolved "https://registry.npmjs.org/@vue/reactivity/-/reactivity-3.4.31.tgz"
  integrity sha512-VGkTani8SOoVkZNds1PfJ/T1SlAIOf8E58PGAhIOUDYPC4GAmFA2u/E14TDAFcf3vVDKunc4QqCe/SHr8xC65Q==
  dependencies:
    "@vue/shared" "3.4.31"

"@vue/runtime-core@3.4.31":
  version "3.4.31"
  resolved "https://registry.npmjs.org/@vue/runtime-core/-/runtime-core-3.4.31.tgz"
  integrity sha512-LDkztxeUPazxG/p8c5JDDKPfkCDBkkiNLVNf7XZIUnJ+66GVGkP+TIh34+8LtPisZ+HMWl2zqhIw0xN5MwU1cw==
  dependencies:
    "@vue/reactivity" "3.4.31"
    "@vue/shared" "3.4.31"

"@vue/runtime-dom@3.4.31":
  version "3.4.31"
  resolved "https://registry.npmjs.org/@vue/runtime-dom/-/runtime-dom-3.4.31.tgz"
  integrity sha512-2Auws3mB7+lHhTFCg8E9ZWopA6Q6L455EcU7bzcQ4x6Dn4cCPuqj6S2oBZgN2a8vJRS/LSYYxwFFq2Hlx3Fsaw==
  dependencies:
    "@vue/reactivity" "3.4.31"
    "@vue/runtime-core" "3.4.31"
    "@vue/shared" "3.4.31"
    csstype "^3.1.3"

"@vue/server-renderer@3.4.31":
  version "3.4.31"
  resolved "https://registry.npmjs.org/@vue/server-renderer/-/server-renderer-3.4.31.tgz"
  integrity sha512-D5BLbdvrlR9PE3by9GaUp1gQXlCNadIZytMIb8H2h3FMWJd4oUfkUTEH2wAr3qxoRz25uxbTcbqd3WKlm9EHQA==
  dependencies:
    "@vue/compiler-ssr" "3.4.31"
    "@vue/shared" "3.4.31"

"@vue/shared@3.4.31":
  version "3.4.31"
  resolved "https://registry.npmjs.org/@vue/shared/-/shared-3.4.31.tgz"
  integrity sha512-Yp3wtJk//8cO4NItOPpi3QkLExAr/aLBGZMmTtW9WpdwBCJpRM6zj9WgWktXAl8IDIozwNMByT45JP3tO3ACWA==

"@vueuse/core@^9.1.0":
  version "9.13.0"
  resolved "https://registry.npmjs.org/@vueuse/core/-/core-9.13.0.tgz"
  integrity sha512-pujnclbeHWxxPRqXWmdkKV5OX4Wk4YeK7wusHqRwU0Q7EFusHoqNA/aPhB6KCh9hEqJkLAJo7bb0Lh9b+OIVzw==
  dependencies:
    "@types/web-bluetooth" "^0.0.16"
    "@vueuse/metadata" "9.13.0"
    "@vueuse/shared" "9.13.0"
    vue-demi "*"

"@vueuse/metadata@9.13.0":
  version "9.13.0"
  resolved "https://registry.npmjs.org/@vueuse/metadata/-/metadata-9.13.0.tgz"
  integrity sha512-gdU7TKNAUVlXXLbaF+ZCfte8BjRJQWPCa2J55+7/h+yDtzw3vOoGQDRXzI6pyKyo6bXFT5/QoPE4hAknExjRLQ==

"@vueuse/shared@9.13.0":
  version "9.13.0"
  resolved "https://registry.npmjs.org/@vueuse/shared/-/shared-9.13.0.tgz"
  integrity sha512-UrnhU+Cnufu4S6JLCPZnkWh0WwZGUp72ktOF2DFptMlOs3TOdVv8xJN53zhHGARmVOsz5KqOls09+J1NR6sBKw==
  dependencies:
    vue-demi "*"

async-validator@^4.2.5:
  version "4.2.5"
  resolved "https://registry.npmjs.org/async-validator/-/async-validator-4.2.5.tgz"
  integrity sha512-7HhHjtERjqlNbZtqNqy2rckN/SpOOlmDliet+lP7k+eKZEjPk3DgyeU9lIXLdeLz0uBbbVp+9Qdow9wJWgwwfg==

csstype@^3.1.3:
  version "3.1.3"
  resolved "https://registry.npmjs.org/csstype/-/csstype-3.1.3.tgz"
  integrity sha512-M1uQkMl8rQK/szD0LNhtqxIPLpimGm8sOBwU7lLnCpSbTyY3yeU1Vc7l4KT5zT4s/yOxHH5O7tIuuLOCnLADRw==

dayjs@^1.11.3:
  version "1.11.11"
  resolved "https://registry.npmjs.org/dayjs/-/dayjs-1.11.11.tgz"
  integrity sha512-okzr3f11N6WuqYtZSvm+F776mB41wRZMhKP+hc34YdW+KmtYYK9iqvHSwo2k9FEH3fhGXvOPV6yz2IcSrfRUDg==

detect-libc@^2.0.3:
  version "2.1.2"
  resolved "https://registry.yarnpkg.com/detect-libc/-/detect-libc-2.1.2.tgz#689c5dcdc1900ef5583a4cb9f6d7b473742074ad"
  integrity sha512-Btj2BOOO83o3WyH59e8MgXsxEQVcarkUOpEYrubB0urwnN10yQ364rsiByU11nZlqWYZm05i/of7io4mzihBtQ==

element-plus@^2.7.7:
  version "2.7.7"
  resolved "https://registry.npmjs.org/element-plus/-/element-plus-2.7.7.tgz"
  integrity sha512-7ucUiDAxevyBE8JbXBTe9ofHhS047VmWMLoksE45zZ08XSnhnyG7WUuk3gmDbAklfVMHedb9sEV3OovPUWt+Sw==
  dependencies:
    "@ctrl/tinycolor" "^3.4.1"
    "@element-plus/icons-vue" "^2.3.1"
    "@floating-ui/dom" "^1.0.1"
    "@popperjs/core" "npm:@sxzz/popperjs-es@^2.11.7"
    "@types/lodash" "^4.14.182"
    "@types/lodash-es" "^4.17.6"
    "@vueuse/core" "^9.1.0"
    async-validator "^4.2.5"
    dayjs "^1.11.3"
    escape-html "^1.0.3"
    lodash "^4.17.21"
    lodash-es "^4.17.21"
    lodash-unified "^1.0.2"
    memoize-one "^6.0.0"
    normalize-wheel-es "^1.2.0"

enhanced-resolve@^5.18.3:
  version "5.19.0"
  resolved "https://registry.yarnpkg.com/enhanced-resolve/-/enhanced-resolve-5.19.0.tgz#6687446a15e969eaa63c2fa2694510e17ae6d97c"
  integrity sha512-phv3E1Xl4tQOShqSte26C7Fl84EwUdZsyOuSSk9qtAGyyQs2s3jJzComh+Abf4g187lUUAvH+H26omrqia2aGg==
  dependencies:
    graceful-fs "^4.2.4"
    tapable "^2.3.0"

entities@^4.5.0:
  version "4.5.0"
  resolved "https://registry.npmjs.org/entities/-/entities-4.5.0.tgz"
  integrity sha512-V0hjH4dGPh9Ao5p0MoRY6BVqtwCjhz6vI5LT8AJ55H+4g9/4vbHx1I54fS0XuclLhDHArPQCiMjDxjaL8fPxhw==

esbuild@^0.21.3:
  version "0.21.5"
  resolved "https://registry.npmjs.org/esbuild/-/esbuild-0.21.5.tgz"
  integrity sha512-mg3OPMV4hXywwpoDxu3Qda5xCKQi+vCTZq8S9J/EpkhB2HzKXq4SNFZE3+NK93JYxc8VMSep+lOUSC/RVKaBqw==
  optionalDependencies:
    "@esbuild/aix-ppc64" "0.21.5"
    "@esbuild/android-arm" "0.21.5"
    "@esbuild/android-arm64" "0.21.5"
    "@esbuild/android-x64" "0.21.5"
    "@esbuild/darwin-arm64" "0.21.5"
    "@esbuild/darwin-x64" "0.21.5"
    "@esbuild/freebsd-arm64" "0.21.5"
    "@esbuild/freebsd-x64" "0.21.5"
    "@esbuild/linux-arm" "0.21.5"
    "@esbuild/linux-arm64" "0.21.5"
    "@esbuild/linux-ia32" "0.21.5"
    "@esbuild/linux-loong64" "0.21.5"
    "@esbuild/linux-mips64el" "0.21.5"
    "@esbuild/linux-ppc64" "0.21.5"
    "@esbuild/linux-riscv64" "0.21.5"
    "@esbuild/linux-s390x" "0.21.5"
    "@esbuild/linux-x64" "0.21.5"
    "@esbuild/netbsd-x64" "0.21.5"
    "@esbuild/openbsd-x64" "0.21.5"
    "@esbuild/sunos-x64" "0.21.5"
    "@esbuild/win32-arm64" "0.21.5"
    "@esbuild/win32-ia32" "0.21.5"
    "@esbuild/win32-x64" "0.21.5"

escape-html@^1.0.3:
  version "1.0.3"
  resolved "https://registry.npmjs.org/escape-html/-/escape-html-1.0.3.tgz"
  integrity sha512-NiSupZ4OeuGwr68lGIeym/ksIZMJodUGOSCZ/FSnTxcrekbvqrgdUxlJOMpijaKZVjAJrWrGs/6Jy8OMuyj9ow==

estree-walker@^2.0.2:
  version "2.0.2"
  resolved "https://registry.npmjs.org/estree-walker/-/estree-walker-2.0.2.tgz"
  integrity sha512-Rfkk/Mp/DL7JVje3u18FxFujQlTNR2q6QfMSMB7AvCBx91NGj/ba3kCfza0f6dVDbw7YlRf/nDrn7pQrCCyQ/w==

fsevents@~2.3.2, fsevents@~2.3.3:
  version "2.3.3"
  resolved "https://registry.yarnpkg.com/fsevents/-/fsevents-2.3.3.tgz#cac6407785d03675a2a5e1a5305c697b347d90d6"
  integrity sha512-5xoDfX+fL7faATnagmWPpbFtwh/R77WmMMqqHGS65C3vvB0YHrgF+B1YmZ3441tMj5n63k0212XNoJwzlhffQw==

graceful-fs@^4.2.4:
  version "4.2.11"
  resolved "https://registry.yarnpkg.com/graceful-fs/-/graceful-fs-4.2.11.tgz#4183e4e8bf08bb6e05bbb2f7d2e0c8f712ca40e3"
  integrity sha512-RbJ5/jmFcNNCcDV5o9eTnBLJ/HszWV0P73bc+Ff4nS/rJj+YaS6IGyiOL0VoBYX+l1Wrl3k63h/KrH+nhJ0XvQ==

jiti@^2.6.1:
  version "2.6.1"
  resolved "https://registry.yarnpkg.com/jiti/-/jiti-2.6.1.tgz#178ef2fc9a1a594248c20627cd820187a4d78d92"
  integrity sha512-ekilCSN1jwRvIbgeg/57YFh8qQDNbwDb9xT/qu2DAHbFFZUicIl4ygVaAvzveMhMVr3LnpSKTNnwt8PoOfmKhQ==

lightningcss-android-arm64@1.30.2:
  version "1.30.2"
  resolved "https://registry.yarnpkg.com/lightningcss-android-arm64/-/lightningcss-android-arm64-1.30.2.tgz#6966b7024d39c94994008b548b71ab360eb3a307"
  integrity sha512-BH9sEdOCahSgmkVhBLeU7Hc9DWeZ1Eb6wNS6Da8igvUwAe0sqROHddIlvU06q3WyXVEOYDZ6ykBZQnjTbmo4+A==

lightningcss-darwin-arm64@1.30.2:
  version "1.30.2"
  resolved "https://registry.yarnpkg.com/lightningcss-darwin-arm64/-/lightningcss-darwin-arm64-1.30.2.tgz#a5fa946d27c029e48c7ff929e6e724a7de46eb2c"
  integrity sha512-ylTcDJBN3Hp21TdhRT5zBOIi73P6/W0qwvlFEk22fkdXchtNTOU4Qc37SkzV+EKYxLouZ6M4LG9NfZ1qkhhBWA==

lightningcss-darwin-x64@1.30.2:
  version "1.30.2"
  resolved "https://registry.yarnpkg.com/lightningcss-darwin-x64/-/lightningcss-darwin-x64-1.30.2.tgz#5ce87e9cd7c4f2dcc1b713f5e8ee185c88d9b7cd"
  integrity sha512-oBZgKchomuDYxr7ilwLcyms6BCyLn0z8J0+ZZmfpjwg9fRVZIR5/GMXd7r9RH94iDhld3UmSjBM6nXWM2TfZTQ==

lightningcss-freebsd-x64@1.30.2:
  version "1.30.2"
  resolved "https://registry.yarnpkg.com/lightningcss-freebsd-x64/-/lightningcss-freebsd-x64-1.30.2.tgz#6ae1d5e773c97961df5cff57b851807ef33692a5"
  integrity sha512-c2bH6xTrf4BDpK8MoGG4Bd6zAMZDAXS569UxCAGcA7IKbHNMlhGQ89eRmvpIUGfKWNVdbhSbkQaWhEoMGmGslA==

lightningcss-linux-arm-gnueabihf@1.30.2:
  version "1.30.2"
  resolved "https://registry.yarnpkg.com/lightningcss-linux-arm-gnueabihf/-/lightningcss-linux-arm-gnueabihf-1.30.2.tgz#62c489610c0424151a6121fa99d77731536cdaeb"
  integrity sha512-eVdpxh4wYcm0PofJIZVuYuLiqBIakQ9uFZmipf6LF/HRj5Bgm0eb3qL/mr1smyXIS1twwOxNWndd8z0E374hiA==

lightningcss-linux-arm64-gnu@1.30.2:
  version "1.30.2"
  resolved "https://registry.yarnpkg.com/lightningcss-linux-arm64-gnu/-/lightningcss-linux-arm64-gnu-1.30.2.tgz#2a3661b56fe95a0cafae90be026fe0590d089298"
  integrity sha512-UK65WJAbwIJbiBFXpxrbTNArtfuznvxAJw4Q2ZGlU8kPeDIWEX1dg3rn2veBVUylA2Ezg89ktszWbaQnxD/e3A==

lightningcss-linux-arm64-musl@1.30.2:
  version "1.30.2"
  resolved "https://registry.yarnpkg.com/lightningcss-linux-arm64-musl/-/lightningcss-linux-arm64-musl-1.30.2.tgz#d7ddd6b26959245e026bc1ad9eb6aa983aa90e6b"
  integrity sha512-5Vh9dGeblpTxWHpOx8iauV02popZDsCYMPIgiuw97OJ5uaDsL86cnqSFs5LZkG3ghHoX5isLgWzMs+eD1YzrnA==

lightningcss-linux-x64-gnu@1.30.2:
  version "1.30.2"
  resolved "https://registry.yarnpkg.com/lightningcss-linux-x64-gnu/-/lightningcss-linux-x64-gnu-1.30.2.tgz#5a89814c8e63213a5965c3d166dff83c36152b1a"
  integrity sha512-Cfd46gdmj1vQ+lR6VRTTadNHu6ALuw2pKR9lYq4FnhvgBc4zWY1EtZcAc6EffShbb1MFrIPfLDXD6Xprbnni4w==

lightningcss-linux-x64-musl@1.30.2:
  version "1.30.2"
  resolved "https://registry.yarnpkg.com/lightningcss-linux-x64-musl/-/lightningcss-linux-x64-musl-1.30.2.tgz#808c2e91ce0bf5d0af0e867c6152e5378c049728"
  integrity sha512-XJaLUUFXb6/QG2lGIW6aIk6jKdtjtcffUT0NKvIqhSBY3hh9Ch+1LCeH80dR9q9LBjG3ewbDjnumefsLsP6aiA==

lightningcss-win32-arm64-msvc@1.30.2:
  version "1.30.2"
  resolved "https://registry.yarnpkg.com/lightningcss-win32-arm64-msvc/-/lightningcss-win32-arm64-msvc-1.30.2.tgz#ab4a8a8a2e6a82a4531e8bbb6bf0ff161ee6625a"
  integrity sha512-FZn+vaj7zLv//D/192WFFVA0RgHawIcHqLX9xuWiQt7P0PtdFEVaxgF9rjM/IRYHQXNnk61/H/gb2Ei+kUQ4xQ==

lightningcss-win32-x64-msvc@1.30.2:
  version "1.30.2"
  resolved "https://registry.yarnpkg.com/lightningcss-win32-x64-msvc/-/lightningcss-win32-x64-msvc-1.30.2.tgz#f01f382c8e0a27e1c018b0bee316d210eac43b6e"
  integrity sha512-5g1yc73p+iAkid5phb4oVFMB45417DkRevRbt/El/gKXJk4jid+vPFF/AXbxn05Aky8PapwzZrdJShv5C0avjw==

lightningcss@1.30.2:
  version "1.30.2"
  resolved "https://registry.yarnpkg.com/lightningcss/-/lightningcss-1.30.2.tgz#4ade295f25d140f487d37256f4cd40dc607696d0"
  integrity sha512-utfs7Pr5uJyyvDETitgsaqSyjCb2qNRAtuqUeWIAKztsOYdcACf2KtARYXg2pSvhkt+9NfoaNY7fxjl6nuMjIQ==
  dependencies:
    detect-libc "^2.0.3"
  optionalDependencies:
    lightningcss-android-arm64 "1.30.2"
    lightningcss-darwin-arm64 "1.30.2"
    lightningcss-darwin-x64 "1.30.2"
    lightningcss-freebsd-x64 "1.30.2"
    lightningcss-linux-arm-gnueabihf "1.30.2"
    lightningcss-linux-arm64-gnu "1.30.2"
    lightningcss-linux-arm64-musl "1.30.2"
    lightningcss-linux-x64-gnu "1.30.2"
    lightningcss-linux-x64-musl "1.30.2"
    lightningcss-win32-arm64-msvc "1.30.2"
    lightningcss-win32-x64-msvc "1.30.2"

lodash-es@^4.17.21:
  version "4.17.21"
  resolved "https://registry.npmjs.org/lodash-es/-/lodash-es-4.17.21.tgz"
  integrity sha512-mKnC+QJ9pWVzv+C4/U3rRsHapFfHvQFoFB92e52xeyGMcX6/OlIl78je1u8vePzYZSkkogMPJ2yjxxsb89cxyw==

lodash-unified@^1.0.2:
  version "1.0.3"
  resolved "https://registry.npmjs.org/lodash-unified/-/lodash-unified-1.0.3.tgz"
  integrity sha512-WK9qSozxXOD7ZJQlpSqOT+om2ZfcT4yO+03FuzAHD0wF6S0l0090LRPDx3vhTTLZ8cFKpBn+IOcVXK6qOcIlfQ==

lodash@^4.17.21:
  version "4.17.21"
  resolved "https://registry.npmjs.org/lodash/-/lodash-4.17.21.tgz"
  integrity sha512-v2kDEe57lecTulaDIuNTPy3Ry4gLGJ6Z1O3vE1krgXZNrsQ+LFTGHVxVjcXPs17LhbZVGedAJv8XZ1tvj5FvSg==

magic-string@^0.30.10:
  version "0.30.10"
  resolved "https://registry.npmjs.org/magic-string/-/magic-string-0.30.10.tgz"
  integrity sha512-iIRwTIf0QKV3UAnYK4PU8uiEc4SRh5jX0mwpIwETPpHdhVM4f53RSwS/vXvN1JhGX+Cs7B8qIq3d6AH49O5fAQ==
  dependencies:
    "@jridgewell/sourcemap-codec" "^1.4.15"

magic-string@^0.30.21:
  version "0.30.21"
  resolved "https://registry.yarnpkg.com/magic-string/-/magic-string-0.30.21.tgz#56763ec09a0fa8091df27879fd94d19078c00d91"
  integrity sha512-vd2F4YUyEXKGcLHoq+TEyCjxueSeHnFxyyjNp80yg0XV4vUhnDer/lvvlqM/arB5bXQN5K2/3oinyCRyx8T2CQ==
  dependencies:
    "@jridgewell/sourcemap-codec" "^1.5.5"

memoize-one@^6.0.0:
  version "6.0.0"
  resolved "https://registry.npmjs.org/memoize-one/-/memoize-one-6.0.0.tgz"
  integrity sha512-rkpe71W0N0c0Xz6QD0eJETuWAJGnJ9afsl1srmwPrI+yBCkge5EycXXbYRyvL29zZVUWQCY7InPRCv3GDXuZNw==

nanoid@^3.3.7:
  version "3.3.7"
  resolved "https://registry.npmjs.org/nanoid/-/nanoid-3.3.7.tgz"
  integrity sha512-eSRppjcPIatRIMC1U6UngP8XFcz8MQWGQdt1MTBQ7NaAmvXDfvNxbvWV3x2y6CdEUciCSsDHDQZbhYaB8QEo2g==

normalize-wheel-es@^1.2.0:
  version "1.2.0"
  resolved "https://registry.npmjs.org/normalize-wheel-es/-/normalize-wheel-es-1.2.0.tgz"
  integrity sha512-Wj7+EJQ8mSuXr2iWfnujrimU35R2W4FAErEyTmJoJ7ucwTn2hOUSsRehMb5RSYkxXGTM7Y9QpvPmp++w5ftoJw==

picocolors@^1.0.1:
  version "1.0.1"
  resolved "https://registry.npmjs.org/picocolors/-/picocolors-1.0.1.tgz"
  integrity sha512-anP1Z8qwhkbmu7MFP5iTt+wQKXgwzf7zTyGlcdzabySa9vd0Xt392U0rVmz9poOaBj0uHJKyyo9/upk0HrEQew==

postcss@^8.4.38, postcss@^8.4.39:
  version "8.4.39"
  resolved "https://registry.npmjs.org/postcss/-/postcss-8.4.39.tgz"
  integrity sha512-0vzE+lAiG7hZl1/9I8yzKLx3aR9Xbof3fBHKunvMfOCYAtMhrsnccJY2iTURb9EZd5+pLuiNV9/c/GZJOHsgIw==
  dependencies:
    nanoid "^3.3.7"
    picocolors "^1.0.1"
    source-map-js "^1.2.0"

rollup@^4.13.0:
  version "4.18.1"
  resolved "https://registry.npmjs.org/rollup/-/rollup-4.18.1.tgz"
  integrity sha512-Elx2UT8lzxxOXMpy5HWQGZqkrQOtrVDDa/bm9l10+U4rQnVzbL/LgZ4NOM1MPIDyHk69W4InuYDF5dzRh4Kw1A==
  dependencies:
    "@types/estree" "1.0.5"
  optionalDependencies:
    "@rollup/rollup-android-arm-eabi" "4.18.1"
    "@rollup/rollup-android-arm64" "4.18.1"
    "@rollup/rollup-darwin-arm64" "4.18.1"
    "@rollup/rollup-darwin-x64" "4.18.1"
    "@rollup/rollup-linux-arm-gnueabihf" "4.18.1"
    "@rollup/rollup-linux-arm-musleabihf" "4.18.1"
    "@rollup/rollup-linux-arm64-gnu" "4.18.1"
    "@rollup/rollup-linux-arm64-musl" "4.18.1"
    "@rollup/rollup-linux-powerpc64le-gnu" "4.18.1"
    "@rollup/rollup-linux-riscv64-gnu" "4.18.1"
    "@rollup/rollup-linux-s390x-gnu" "4.18.1"
    "@rollup/rollup-linux-x64-gnu" "4.18.1"
    "@rollup/rollup-linux-x64-musl" "4.18.1"
    "@rollup/rollup-win32-arm64-msvc" "4.18.1"
    "@rollup/rollup-win32-ia32-msvc" "4.18.1"
    "@rollup/rollup-win32-x64-msvc" "4.18.1"
    fsevents "~2.3.2"

sortablejs@^1.15.6:
  version "1.15.6"
  resolved "https://registry.yarnpkg.com/sortablejs/-/sortablejs-1.15.6.tgz#ff93699493f5b8ab8d828f933227b4988df1d393"
  integrity sha512-aNfiuwMEpfBM/CN6LY0ibyhxPfPbyFeBTYJKCvzkJ2GkUpazIt3H+QIPAMHwqQ7tMKaHz1Qj+rJJCqljnf4p3A==

source-map-js@^1.0.2, source-map-js@^1.2.1:
  version "1.2.1"
  resolved "https://registry.yarnpkg.com/source-map-js/-/source-map-js-1.2.1.tgz#1ce5650fddd87abc099eda37dcff024c2667ae46"
  integrity sha512-UXWMKhLOwVKb728IUtQPXxfYU+usdybtUrK/8uGE8CQMvrhOpwvzDBwj0QhSL7MQc7vIsISBG8VQ8+IDQxpfQA==

source-map-js@^1.2.0:
  version "1.2.0"
  resolved "https://registry.npmjs.org/source-map-js/-/source-map-js-1.2.0.tgz"
  integrity sha512-itJW8lvSA0TXEphiRoawsCksnlf8SyvmFzIhltqAHluXd88pkCd+cXJVHTDwdCr0IzwptSm035IHQktUu1QUMg==

tailwindcss@4.1.18, tailwindcss@^4.1.18:
  version "4.1.18"
  resolved "https://registry.yarnpkg.com/tailwindcss/-/tailwindcss-4.1.18.tgz#f488ba47853abdb5354daf9679d3e7791fc4f4e3"
  integrity sha512-4+Z+0yiYyEtUVCScyfHCxOYP06L5Ne+JiHhY2IjR2KWMIWhJOYZKLSGZaP5HkZ8+bY0cxfzwDE5uOmzFXyIwxw==

tapable@^2.3.0:
  version "2.3.0"
  resolved "https://registry.yarnpkg.com/tapable/-/tapable-2.3.0.tgz#7e3ea6d5ca31ba8e078b560f0d83ce9a14aa8be6"
  integrity sha512-g9ljZiwki/LfxmQADO3dEY1CbpmXT5Hm2fJ+QaGKwSXUylMybePR7/67YW7jOrrvjEgL1Fmz5kzyAjWVWLlucg==

tslib@^2.4.0:
  version "2.8.1"
  resolved "https://registry.yarnpkg.com/tslib/-/tslib-2.8.1.tgz#612efe4ed235d567e8aba5f2a5fab70280ade83f"
  integrity sha512-oJFu94HQb+KVduSUQL7wnpmqnfmLsOA/nAh6b6EH0wCEoK0/mPeXU6c3wKDV83MkOuHPRHtSXKKU99IBazS/2w==

vite@^5.3.1:
  version "5.3.3"
  resolved "https://registry.npmjs.org/vite/-/vite-5.3.3.tgz"
  integrity sha512-NPQdeCU0Dv2z5fu+ULotpuq5yfCS1BzKUIPhNbP3YBfAMGJXbt2nS+sbTFu+qchaqWTD+H3JK++nRwr6XIcp6A==
  dependencies:
    esbuild "^0.21.3"
    postcss "^8.4.39"
    rollup "^4.13.0"
  optionalDependencies:
    fsevents "~2.3.3"

vue-demi@*:
  version "0.14.8"
  resolved "https://registry.npmjs.org/vue-demi/-/vue-demi-0.14.8.tgz"
  integrity sha512-Uuqnk9YE9SsWeReYqK2alDI5YzciATE0r2SkA6iMAtuXvNTMNACJLJEXNXaEy94ECuBe4Sk6RzRU80kjdbIo1Q==

vue-i18n@^11.1.1:
  version "11.1.1"
  resolved "https://registry.yarnpkg.com/vue-i18n/-/vue-i18n-11.1.1.tgz#8bae0201ac1396d1c77a60ed2a03026396ab4714"
  integrity sha512-0P6DkKy96R4Wh2sIZJEHw8ivnlD1pnB6Ib/eldoF1SUpQutfKZv6aMqZwICS1gW0rwq24ZSXw7y3jW+PRVYqWA==
  dependencies:
    "@intlify/core-base" "11.1.1"
    "@intlify/shared" "11.1.1"
    "@vue/devtools-api" "^6.5.0"

vue-router@4:
  version "4.4.0"
  resolved "https://registry.yarnpkg.com/vue-router/-/vue-router-4.4.0.tgz#128e3fc0c84421035a9bd26027245e6bd68f69ab"
  integrity sha512-HB+t2p611aIZraV2aPSRNXf0Z/oLZFrlygJm+sZbdJaW6lcFqEDQwnzUBXn+DApw+/QzDU/I9TeWx9izEjTmsA==
  dependencies:
    "@vue/devtools-api" "^6.5.1"

vue3-google-login@^2.0.33:
  version "2.0.33"
  resolved "https://registry.yarnpkg.com/vue3-google-login/-/vue3-google-login-2.0.33.tgz#0b3b3a653b6026cbb2d39b92fc1782f0057c1d43"
  integrity sha512-Hx3JJUREXWCFOOB4AzZKy/x7C+X18kxmT0AquBekm0TRubp11nrWijOLEgmhuij48dQPNumyaAi5IQAeDKk7yw==

vue@^3.4.29:
  version "3.4.31"
  resolved "https://registry.npmjs.org/vue/-/vue-3.4.31.tgz"
  integrity sha512-njqRrOy7W3YLAlVqSKpBebtZpDVg21FPoaq1I7f/+qqBThK9ChAIjkRWgeP6Eat+8C+iia4P3OYqpATP21BCoQ==
  dependencies:
    "@vue/compiler-dom" "3.4.31"
    "@vue/compiler-sfc" "3.4.31"
    "@vue/runtime-dom" "3.4.31"
    "@vue/server-renderer" "3.4.31"
    "@vue/shared" "3.4.31"
